// !$*UTF8*$!
{
	archiveVersion = 1;
	classes = {
	};
	objectVersion = 56;
	objects = {

/* Begin PBXBuildFile section */
		0411E5CE2AD91AB500506AF4 /* AppDelegate.swift in Sources */ = {isa = PBXBuildFile; fileRef = 0411E5CD2AD91AB500506AF4 /* AppDelegate.swift */; };
		0411E5D02AD91AB500506AF4 /* SceneDelegate.swift in Sources */ = {isa = PBXBuildFile; fileRef = 0411E5CF2AD91AB500506AF4 /* SceneDelegate.swift */; };
		0411E5D22AD91AB500506AF4 /* ViewController.swift in Sources */ = {isa = PBXBuildFile; fileRef = 0411E5D12AD91AB500506AF4 /* ViewController.swift */; };
		0411E5D52AD91AB500506AF4 /* Main.storyboard in Resources */ = {isa = PBXBuildFile; fileRef = 0411E5D32AD91AB500506AF4 /* Main.storyboard */; };
		0411E5D82AD91AB500506AF4 /* login.xcdatamodeld in Sources */ = {isa = PBXBuildFile; fileRef = 0411E5D62AD91AB500506AF4 /* login.xcdatamodeld */; };
		0411E5DA2AD91AB700506AF4 /* Assets.xcassets in Resources */ = {isa = PBXBuildFile; fileRef = 0411E5D92AD91AB700506AF4 /* Assets.xcassets */; };
		0411E5DD2AD91AB700506AF4 /* LaunchScreen.storyboard in Resources */ = {isa = PBXBuildFile; fileRef = 0411E5DB2AD91AB700506AF4 /* LaunchScreen.storyboard */; };
		0447ADAC2AE0F8C30026C9B6 /* BGgradient.swift in Sources */ = {isa = PBXBuildFile; fileRef = 0447ADAB2AE0F8C30026C9B6 /* BGgradient.swift */; };
		044BE0C62ADFAB2E00A4DF81 /* LogoutVC.swift in Sources */ = {isa = PBXBuildFile; fileRef = 044BE0C52ADFAB2E00A4DF81 /* LogoutVC.swift */; };
		048845292ADE81DC0067B780 /* GoogleService-Info.plist in Resources */ = {isa = PBXBuildFile; fileRef = 048845282ADE81DC0067B780 /* GoogleService-Info.plist */; };
		0488452C2ADE82A70067B780 /* FirebaseAnalytics in Frameworks */ = {isa = PBXBuildFile; productRef = 0488452B2ADE82A70067B780 /* FirebaseAnalytics */; };
		0488452E2ADE82A70067B780 /* FirebaseAnalyticsOnDeviceConversion in Frameworks */ = {isa = PBXBuildFile; productRef = 0488452D2ADE82A70067B780 /* FirebaseAnalyticsOnDeviceConversion */; };
		048845302ADE82A70067B780 /* FirebaseAnalyticsSwift in Frameworks */ = {isa = PBXBuildFile; productRef = 0488452F2ADE82A70067B780 /* FirebaseAnalyticsSwift */; };
		048845322ADE82A70067B780 /* FirebaseAnalyticsWithoutAdIdSupport in Frameworks */ = {isa = PBXBuildFile; productRef = 048845312ADE82A70067B780 /* FirebaseAnalyticsWithoutAdIdSupport */; };
		048845342ADE82A70067B780 /* FirebaseAppCheck in Frameworks */ = {isa = PBXBuildFile; productRef = 048845332ADE82A70067B780 /* FirebaseAppCheck */; };
		048845362ADE82A70067B780 /* FirebaseAppDistribution-Beta in Frameworks */ = {isa = PBXBuildFile; productRef = 048845352ADE82A70067B780 /* FirebaseAppDistribution-Beta */; };
		048845382ADE82A70067B780 /* FirebaseAuth in Frameworks */ = {isa = PBXBuildFile; productRef = 048845372ADE82A70067B780 /* FirebaseAuth */; };
		0488453A2ADE82A70067B780 /* FirebaseAuthCombine-Community in Frameworks */ = {isa = PBXBuildFile; productRef = 048845392ADE82A70067B780 /* FirebaseAuthCombine-Community */; };
		0488453C2ADE82A70067B780 /* FirebaseCrashlytics in Frameworks */ = {isa = PBXBuildFile; productRef = 0488453B2ADE82A70067B780 /* FirebaseCrashlytics */; };
		0488453E2ADE82A70067B780 /* FirebaseDatabase in Frameworks */ = {isa = PBXBuildFile; productRef = 0488453D2ADE82A70067B780 /* FirebaseDatabase */; };
		048845402ADE82A70067B780 /* FirebaseDatabaseSwift in Frameworks */ = {isa = PBXBuildFile; productRef = 0488453F2ADE82A70067B780 /* FirebaseDatabaseSwift */; };
		048845422ADE82A70067B780 /* FirebaseDynamicLinks in Frameworks */ = {isa = PBXBuildFile; productRef = 048845412ADE82A70067B780 /* FirebaseDynamicLinks */; };
		048845442ADE82A70067B780 /* FirebaseFirestore in Frameworks */ = {isa = PBXBuildFile; productRef = 048845432ADE82A70067B780 /* FirebaseFirestore */; };
		048845462ADE82A70067B780 /* FirebaseFirestoreCombine-Community in Frameworks */ = {isa = PBXBuildFile; productRef = 048845452ADE82A70067B780 /* FirebaseFirestoreCombine-Community */; };
		048845482ADE82A70067B780 /* FirebaseFirestoreSwift in Frameworks */ = {isa = PBXBuildFile; productRef = 048845472ADE82A70067B780 /* FirebaseFirestoreSwift */; };
		0488454A2ADE82A70067B780 /* FirebaseFunctions in Frameworks */ = {isa = PBXBuildFile; productRef = 048845492ADE82A70067B780 /* FirebaseFunctions */; };
		0488454C2ADE82A70067B780 /* FirebaseFunctionsCombine-Community in Frameworks */ = {isa = PBXBuildFile; productRef = 0488454B2ADE82A70067B780 /* FirebaseFunctionsCombine-Community */; };
		0488454E2ADE82A70067B780 /* FirebaseInAppMessaging-Beta in Frameworks */ = {isa = PBXBuildFile; productRef = 0488454D2ADE82A70067B780 /* FirebaseInAppMessaging-Beta */; };
		048845502ADE82A70067B780 /* FirebaseInAppMessagingSwift-Beta in Frameworks */ = {isa = PBXBuildFile; productRef = 0488454F2ADE82A70067B780 /* FirebaseInAppMessagingSwift-Beta */; };
		048845522ADE82A70067B780 /* FirebaseInstallations in Frameworks */ = {isa = PBXBuildFile; productRef = 048845512ADE82A70067B780 /* FirebaseInstallations */; };
		048845542ADE82A70067B780 /* FirebaseMLModelDownloader in Frameworks */ = {isa = PBXBuildFile; productRef = 048845532ADE82A70067B780 /* FirebaseMLModelDownloader */; };
		048845562ADE82A70067B780 /* FirebaseMessaging in Frameworks */ = {isa = PBXBuildFile; productRef = 048845552ADE82A70067B780 /* FirebaseMessaging */; };
		048845582ADE82A70067B780 /* FirebasePerformance in Frameworks */ = {isa = PBXBuildFile; productRef = 048845572ADE82A70067B780 /* FirebasePerformance */; };
		0488455A2ADE82A70067B780 /* FirebaseRemoteConfig in Frameworks */ = {isa = PBXBuildFile; productRef = 048845592ADE82A70067B780 /* FirebaseRemoteConfig */; };
		0488455C2ADE82A70067B780 /* FirebaseRemoteConfigSwift in Frameworks */ = {isa = PBXBuildFile; productRef = 0488455B2ADE82A70067B780 /* FirebaseRemoteConfigSwift */; };
		0488455E2ADE82A70067B780 /* FirebaseStorage in Frameworks */ = {isa = PBXBuildFile; productRef = 0488455D2ADE82A70067B780 /* FirebaseStorage */; };
		048845602ADE82A70067B780 /* FirebaseStorageCombine-Community in Frameworks */ = {isa = PBXBuildFile; productRef = 0488455F2ADE82A70067B780 /* FirebaseStorageCombine-Community */; };
		048845622ADE9A350067B780 /* CreateUserVC.swift in Sources */ = {isa = PBXBuildFile; fileRef = 048845612ADE9A350067B780 /* CreateUserVC.swift */; };
		04B60E682AE131C900AD007F /* ViewControllerTests.swift in Sources */ = {isa = PBXBuildFile; fileRef = 04B60E672AE131C900AD007F /* ViewControllerTests.swift */; };
/* End PBXBuildFile section */

/* Begin PBXContainerItemProxy section */
		04B60E622AE130FB00AD007F /* PBXContainerItemProxy */ = {
			isa = PBXContainerItemProxy;
			containerPortal = 0411E5C22AD91AB500506AF4 /* Project object */;
			proxyType = 1;
			remoteGlobalIDString = 0411E5C92AD91AB500506AF4;
			remoteInfo = login;
		};
/* End PBXContainerItemProxy section */

/* Begin PBXFileReference section */
		0411E5CA2AD91AB500506AF4 /* login.app */ = {isa = PBXFileReference; explicitFileType = wrapper.application; includeInIndex = 0; path = login.app; sourceTree = BUILT_PRODUCTS_DIR; };
		0411E5CD2AD91AB500506AF4 /* AppDelegate.swift */ = {isa = PBXFileReference; lastKnownFileType = sourcecode.swift; path = AppDelegate.swift; sourceTree = "<group>"; };
		0411E5CF2AD91AB500506AF4 /* SceneDelegate.swift */ = {isa = PBXFileReference; lastKnownFileType = sourcecode.swift; path = SceneDelegate.swift; sourceTree = "<group>"; };
		0411E5D12AD91AB500506AF4 /* ViewController.swift */ = {isa = PBXFileReference; lastKnownFileType = sourcecode.swift; path = ViewController.swift; sourceTree = "<group>"; };
		0411E5D42AD91AB500506AF4 /* Base */ = {isa = PBXFileReference; lastKnownFileType = file.storyboard; name = Base; path = Base.lproj/Main.storyboard; sourceTree = "<group>"; };
		0411E5D72AD91AB500506AF4 /* login.xcdatamodel */ = {isa = PBXFileReference; lastKnownFileType = wrapper.xcdatamodel; path = login.xcdatamodel; sourceTree = "<group>"; };
		0411E5D92AD91AB700506AF4 /* Assets.xcassets */ = {isa = PBXFileReference; lastKnownFileType = folder.assetcatalog; path = Assets.xcassets; sourceTree = "<group>"; };
		0411E5DC2AD91AB700506AF4 /* Base */ = {isa = PBXFileReference; lastKnownFileType = file.storyboard; name = Base; path = Base.lproj/LaunchScreen.storyboard; sourceTree = "<group>"; };
		0411E5DE2AD91AB700506AF4 /* Info.plist */ = {isa = PBXFileReference; lastKnownFileType = text.plist.xml; path = Info.plist; sourceTree = "<group>"; };
		0447ADAB2AE0F8C30026C9B6 /* BGgradient.swift */ = {isa = PBXFileReference; lastKnownFileType = sourcecode.swift; path = BGgradient.swift; sourceTree = "<group>"; };
		044BE0C52ADFAB2E00A4DF81 /* LogoutVC.swift */ = {isa = PBXFileReference; lastKnownFileType = sourcecode.swift; path = LogoutVC.swift; sourceTree = "<group>"; };
		048845282ADE81DC0067B780 /* GoogleService-Info.plist */ = {isa = PBXFileReference; fileEncoding = 4; lastKnownFileType = text.plist.xml; path = "GoogleService-Info.plist"; sourceTree = "<group>"; };
		048845612ADE9A350067B780 /* CreateUserVC.swift */ = {isa = PBXFileReference; lastKnownFileType = sourcecode.swift; path = CreateUserVC.swift; sourceTree = "<group>"; };
		04B60E5E2AE130FB00AD007F /* loginTests.xctest */ = {isa = PBXFileReference; explicitFileType = wrapper.cfbundle; includeInIndex = 0; path = loginTests.xctest; sourceTree = BUILT_PRODUCTS_DIR; };
		04B60E672AE131C900AD007F /* ViewControllerTests.swift */ = {isa = PBXFileReference; lastKnownFileType = sourcecode.swift; path = ViewControllerTests.swift; sourceTree = "<group>"; };
		04B60E692AE13B5300AD007F /* login.xctestplan */ = {isa = PBXFileReference; lastKnownFileType = text; path = login.xctestplan; sourceTree = "<group>"; };
/* End PBXFileReference section */

/* Begin PBXFrameworksBuildPhase section */
		0411E5C72AD91AB500506AF4 /* Frameworks */ = {
			isa = PBXFrameworksBuildPhase;
			buildActionMask = 2147483647;
			files = (
				0488453E2ADE82A70067B780 /* FirebaseDatabase in Frameworks */,
				0488454C2ADE82A70067B780 /* FirebaseFunctionsCombine-Community in Frameworks */,
				048845442ADE82A70067B780 /* FirebaseFirestore in Frameworks */,
				048845302ADE82A70067B780 /* FirebaseAnalyticsSwift in Frameworks */,
				0488452C2ADE82A70067B780 /* FirebaseAnalytics in Frameworks */,
				0488452E2ADE82A70067B780 /* FirebaseAnalyticsOnDeviceConversion in Frameworks */,
				048845542ADE82A70067B780 /* FirebaseMLModelDownloader in Frameworks */,
				048845482ADE82A70067B780 /* FirebaseFirestoreSwift in Frameworks */,
				048845342ADE82A70067B780 /* FirebaseAppCheck in Frameworks */,
				048845322ADE82A70067B780 /* FirebaseAnalyticsWithoutAdIdSupport in Frameworks */,
				048845382ADE82A70067B780 /* FirebaseAuth in Frameworks */,
				0488453C2ADE82A70067B780 /* FirebaseCrashlytics in Frameworks */,
				0488455C2ADE82A70067B780 /* FirebaseRemoteConfigSwift in Frameworks */,
				0488454E2ADE82A70067B780 /* FirebaseInAppMessaging-Beta in Frameworks */,
				048845402ADE82A70067B780 /* FirebaseDatabaseSwift in Frameworks */,
				0488454A2ADE82A70067B780 /* FirebaseFunctions in Frameworks */,
				048845602ADE82A70067B780 /* FirebaseStorageCombine-Community in Frameworks */,
				0488455A2ADE82A70067B780 /* FirebaseRemoteConfig in Frameworks */,
				048845362ADE82A70067B780 /* FirebaseAppDistribution-Beta in Frameworks */,
				0488453A2ADE82A70067B780 /* FirebaseAuthCombine-Community in Frameworks */,
				048845582ADE82A70067B780 /* FirebasePerformance in Frameworks */,
				048845502ADE82A70067B780 /* FirebaseInAppMessagingSwift-Beta in Frameworks */,
				0488455E2ADE82A70067B780 /* FirebaseStorage in Frameworks */,
				048845422ADE82A70067B780 /* FirebaseDynamicLinks in Frameworks */,
				048845462ADE82A70067B780 /* FirebaseFirestoreCombine-Community in Frameworks */,
				048845562ADE82A70067B780 /* FirebaseMessaging in Frameworks */,
				048845522ADE82A70067B780 /* FirebaseInstallations in Frameworks */,
			);
			runOnlyForDeploymentPostprocessing = 0;
		};
		04B60E5B2AE130FB00AD007F /* Frameworks */ = {
			isa = PBXFrameworksBuildPhase;
			buildActionMask = 2147483647;
			files = (
			);
			runOnlyForDeploymentPostprocessing = 0;
		};
/* End PBXFrameworksBuildPhase section */

/* Begin PBXGroup section */
		0411E5C12AD91AB500506AF4 = {
			isa = PBXGroup;
			children = (
				04B60E692AE13B5300AD007F /* login.xctestplan */,
				0411E5CC2AD91AB500506AF4 /* login */,
				04B60E5F2AE130FB00AD007F /* loginTests */,
				0411E5CB2AD91AB500506AF4 /* Products */,
			);
			sourceTree = "<group>";
		};
		0411E5CB2AD91AB500506AF4 /* Products */ = {
			isa = PBXGroup;
			children = (
				0411E5CA2AD91AB500506AF4 /* login.app */,
				04B60E5E2AE130FB00AD007F /* loginTests.xctest */,
			);
			name = Products;
			sourceTree = "<group>";
		};
		0411E5CC2AD91AB500506AF4 /* login */ = {
			isa = PBXGroup;
			children = (
				0411E5CD2AD91AB500506AF4 /* AppDelegate.swift */,
				0411E5CF2AD91AB500506AF4 /* SceneDelegate.swift */,
				0411E5D12AD91AB500506AF4 /* ViewController.swift */,
				0411E5D32AD91AB500506AF4 /* Main.storyboard */,
				0411E5D92AD91AB700506AF4 /* Assets.xcassets */,
				0411E5DB2AD91AB700506AF4 /* LaunchScreen.storyboard */,
				0411E5DE2AD91AB700506AF4 /* Info.plist */,
				0411E5D62AD91AB500506AF4 /* login.xcdatamodeld */,
				048845282ADE81DC0067B780 /* GoogleService-Info.plist */,
				048845612ADE9A350067B780 /* CreateUserVC.swift */,
				044BE0C52ADFAB2E00A4DF81 /* LogoutVC.swift */,
				0447ADAB2AE0F8C30026C9B6 /* BGgradient.swift */,
			);
			path = login;
			sourceTree = "<group>";
		};
		04B60E5F2AE130FB00AD007F /* loginTests */ = {
			isa = PBXGroup;
			children = (
				04B60E672AE131C900AD007F /* ViewControllerTests.swift */,
			);
			path = loginTests;
			sourceTree = "<group>";
		};
/* End PBXGroup section */

/* Begin PBXNativeTarget section */
		0411E5C92AD91AB500506AF4 /* login */ = {
			isa = PBXNativeTarget;
			buildConfigurationList = 0411E5E12AD91AB700506AF4 /* Build configuration list for PBXNativeTarget "login" */;
			buildPhases = (
				0411E5C62AD91AB500506AF4 /* Sources */,
				0411E5C72AD91AB500506AF4 /* Frameworks */,
				0411E5C82AD91AB500506AF4 /* Resources */,
			);
			buildRules = (
			);
			dependencies = (
			);
			name = login;
			packageProductDependencies = (
				0488452B2ADE82A70067B780 /* FirebaseAnalytics */,
				0488452D2ADE82A70067B780 /* FirebaseAnalyticsOnDeviceConversion */,
				0488452F2ADE82A70067B780 /* FirebaseAnalyticsSwift */,
				048845312ADE82A70067B780 /* FirebaseAnalyticsWithoutAdIdSupport */,
				048845332ADE82A70067B780 /* FirebaseAppCheck */,
				048845352ADE82A70067B780 /* FirebaseAppDistribution-Beta */,
				048845372ADE82A70067B780 /* FirebaseAuth */,
				048845392ADE82A70067B780 /* FirebaseAuthCombine-Community */,
				0488453B2ADE82A70067B780 /* FirebaseCrashlytics */,
				0488453D2ADE82A70067B780 /* FirebaseDatabase */,
				0488453F2ADE82A70067B780 /* FirebaseDatabaseSwift */,
				048845412ADE82A70067B780 /* FirebaseDynamicLinks */,
				048845432ADE82A70067B780 /* FirebaseFirestore */,
				048845452ADE82A70067B780 /* FirebaseFirestoreCombine-Community */,
				048845472ADE82A70067B780 /* FirebaseFirestoreSwift */,
				048845492ADE82A70067B780 /* FirebaseFunctions */,
				0488454B2ADE82A70067B780 /* FirebaseFunctionsCombine-Community */,
				0488454D2ADE82A70067B780 /* FirebaseInAppMessaging-Beta */,
				0488454F2ADE82A70067B780 /* FirebaseInAppMessagingSwift-Beta */,
				048845512ADE82A70067B780 /* FirebaseInstallations */,
				048845532ADE82A70067B780 /* FirebaseMLModelDownloader */,
				048845552ADE82A70067B780 /* FirebaseMessaging */,
				048845572ADE82A70067B780 /* FirebasePerformance */,
				048845592ADE82A70067B780 /* FirebaseRemoteConfig */,
				0488455B2ADE82A70067B780 /* FirebaseRemoteConfigSwift */,
				0488455D2ADE82A70067B780 /* FirebaseStorage */,
				0488455F2ADE82A70067B780 /* FirebaseStorageCombine-Community */,
			);
			productName = login;
			productReference = 0411E5CA2AD91AB500506AF4 /* login.app */;
			productType = "com.apple.product-type.application";
		};
		04B60E5D2AE130FB00AD007F /* loginTests */ = {
			isa = PBXNativeTarget;
			buildConfigurationList = 04B60E662AE130FB00AD007F /* Build configuration list for PBXNativeTarget "loginTests" */;
			buildPhases = (
				04B60E5A2AE130FB00AD007F /* Sources */,
				04B60E5B2AE130FB00AD007F /* Frameworks */,
				04B60E5C2AE130FB00AD007F /* Resources */,
			);
			buildRules = (
			);
			dependencies = (
				04B60E632AE130FB00AD007F /* PBXTargetDependency */,
			);
			name = loginTests;
			productName = loginTests;
			productReference = 04B60E5E2AE130FB00AD007F /* loginTests.xctest */;
			productType = "com.apple.product-type.bundle.unit-test";
		};
/* End PBXNativeTarget section */

/* Begin PBXProject section */
		0411E5C22AD91AB500506AF4 /* Project object */ = {
			isa = PBXProject;
			attributes = {
				BuildIndependentTargetsInParallel = 1;
				LastSwiftUpdateCheck = 1500;
				LastUpgradeCheck = 1500;
				TargetAttributes = {
					0411E5C92AD91AB500506AF4 = {
						CreatedOnToolsVersion = 15.0;
					};
					04B60E5D2AE130FB00AD007F = {
						CreatedOnToolsVersion = 15.0;
						TestTargetID = 0411E5C92AD91AB500506AF4;
					};
				};
			};
			buildConfigurationList = 0411E5C52AD91AB500506AF4 /* Build configuration list for PBXProject "login" */;
			compatibilityVersion = "Xcode 14.0";
			developmentRegion = en;
			hasScannedForEncodings = 0;
			knownRegions = (
				en,
				Base,
			);
			mainGroup = 0411E5C12AD91AB500506AF4;
			packageReferences = (
				0488452A2ADE82A70067B780 /* XCRemoteSwiftPackageReference "firebase-ios-sdk" */,
			);
			productRefGroup = 0411E5CB2AD91AB500506AF4 /* Products */;
			projectDirPath = "";
			projectRoot = "";
			targets = (
				0411E5C92AD91AB500506AF4 /* login */,
				04B60E5D2AE130FB00AD007F /* loginTests */,
			);
		};
/* End PBXProject section */

/* Begin PBXResourcesBuildPhase section */
		0411E5C82AD91AB500506AF4 /* Resources */ = {
			isa = PBXResourcesBuildPhase;
			buildActionMask = 2147483647;
			files = (
				0411E5DD2AD91AB700506AF4 /* LaunchScreen.storyboard in Resources */,
				048845292ADE81DC0067B780 /* GoogleService-Info.plist in Resources */,
				0411E5DA2AD91AB700506AF4 /* Assets.xcassets in Resources */,
				0411E5D52AD91AB500506AF4 /* Main.storyboard in Resources */,
			);
			runOnlyForDeploymentPostprocessing = 0;
		};
		04B60E5C2AE130FB00AD007F /* Resources */ = {
			isa = PBXResourcesBuildPhase;
			buildActionMask = 2147483647;
			files = (
			);
			runOnlyForDeploymentPostprocessing = 0;
		};
/* End PBXResourcesBuildPhase section */

/* Begin PBXSourcesBuildPhase section */
		0411E5C62AD91AB500506AF4 /* Sources */ = {
			isa = PBXSourcesBuildPhase;
			buildActionMask = 2147483647;
			files = (
				0411E5D22AD91AB500506AF4 /* ViewController.swift in Sources */,
				048845622ADE9A350067B780 /* CreateUserVC.swift in Sources */,
				044BE0C62ADFAB2E00A4DF81 /* LogoutVC.swift in Sources */,
				0411E5CE2AD91AB500506AF4 /* AppDelegate.swift in Sources */,
				0447ADAC2AE0F8C30026C9B6 /* BGgradient.swift in Sources */,
				0411E5D02AD91AB500506AF4 /* SceneDelegate.swift in Sources */,
				0411E5D82AD91AB500506AF4 /* login.xcdatamodeld in Sources */,
			);
			runOnlyForDeploymentPostprocessing = 0;
		};
		04B60E5A2AE130FB00AD007F /* Sources */ = {
			isa = PBXSourcesBuildPhase;
			buildActionMask = 2147483647;
			files = (
				04B60E682AE131C900AD007F /* ViewControllerTests.swift in Sources */,
			);
			runOnlyForDeploymentPostprocessing = 0;
		};
/* End PBXSourcesBuildPhase section */

/* Begin PBXTargetDependency section */
		04B60E632AE130FB00AD007F /* PBXTargetDependency */ = {
			isa = PBXTargetDependency;
			target = 0411E5C92AD91AB500506AF4 /* login */;
			targetProxy = 04B60E622AE130FB00AD007F /* PBXContainerItemProxy */;
		};
/* End PBXTargetDependency section */

/* Begin PBXVariantGroup section */
		0411E5D32AD91AB500506AF4 /* Main.storyboard */ = {
			isa = PBXVariantGroup;
			children = (
				0411E5D42AD91AB500506AF4 /* Base */,
			);
			name = Main.storyboard;
			sourceTree = "<group>";
		};
		0411E5DB2AD91AB700506AF4 /* LaunchScreen.storyboard */ = {
			isa = PBXVariantGroup;
			children = (
				0411E5DC2AD91AB700506AF4 /* Base */,
			);
			name = LaunchScreen.storyboard;
			sourceTree = "<group>";
		};
/* End PBXVariantGroup section */

/* Begin XCBuildConfiguration section */
		0411E5DF2AD91AB700506AF4 /* Debug */ = {
			isa = XCBuildConfiguration;
			buildSettings = {
				ALWAYS_SEARCH_USER_PATHS = NO;
				ASSETCATALOG_COMPILER_GENERATE_SWIFT_ASSET_SYMBOL_EXTENSIONS = YES;
				CLANG_ANALYZER_NONNULL = YES;
				CLANG_ANALYZER_NUMBER_OBJECT_CONVERSION = YES_AGGRESSIVE;
				CLANG_CXX_LANGUAGE_STANDARD = "gnu++20";
				CLANG_ENABLE_MODULES = YES;
				CLANG_ENABLE_OBJC_ARC = YES;
				CLANG_ENABLE_OBJC_WEAK = YES;
				CLANG_WARN_BLOCK_CAPTURE_AUTORELEASING = YES;
				CLANG_WARN_BOOL_CONVERSION = YES;
				CLANG_WARN_COMMA = YES;
				CLANG_WARN_CONSTANT_CONVERSION = YES;
				CLANG_WARN_DEPRECATED_OBJC_IMPLEMENTATIONS = YES;
				CLANG_WARN_DIRECT_OBJC_ISA_USAGE = YES_ERROR;
				CLANG_WARN_DOCUMENTATION_COMMENTS = YES;
				CLANG_WARN_EMPTY_BODY = YES;
				CLANG_WARN_ENUM_CONVERSION = YES;
				CLANG_WARN_INFINITE_RECURSION = YES;
				CLANG_WARN_INT_CONVERSION = YES;
				CLANG_WARN_NON_LITERAL_NULL_CONVERSION = YES;
				CLANG_WARN_OBJC_IMPLICIT_RETAIN_SELF = YES;
				CLANG_WARN_OBJC_LITERAL_CONVERSION = YES;
				CLANG_WARN_OBJC_ROOT_CLASS = YES_ERROR;
				CLANG_WARN_QUOTED_INCLUDE_IN_FRAMEWORK_HEADER = YES;
				CLANG_WARN_RANGE_LOOP_ANALYSIS = YES;
				CLANG_WARN_STRICT_PROTOTYPES = YES;
				CLANG_WARN_SUSPICIOUS_MOVE = YES;
				CLANG_WARN_UNGUARDED_AVAILABILITY = YES_AGGRESSIVE;
				CLANG_WARN_UNREACHABLE_CODE = YES;
				CLANG_WARN__DUPLICATE_METHOD_MATCH = YES;
				COPY_PHASE_STRIP = NO;
				DEBUG_INFORMATION_FORMAT = dwarf;
				ENABLE_STRICT_OBJC_MSGSEND = YES;
				ENABLE_TESTABILITY = YES;
				ENABLE_USER_SCRIPT_SANDBOXING = YES;
				GCC_C_LANGUAGE_STANDARD = gnu17;
				GCC_DYNAMIC_NO_PIC = NO;
				GCC_NO_COMMON_BLOCKS = YES;
				GCC_OPTIMIZATION_LEVEL = 0;
				GCC_PREPROCESSOR_DEFINITIONS = (
					"DEBUG=1",
					"$(inherited)",
				);
				GCC_WARN_64_TO_32_BIT_CONVERSION = YES;
				GCC_WARN_ABOUT_RETURN_TYPE = YES_ERROR;
				GCC_WARN_UNDECLARED_SELECTOR = YES;
				GCC_WARN_UNINITIALIZED_AUTOS = YES_AGGRESSIVE;
				GCC_WARN_UNUSED_FUNCTION = YES;
				GCC_WARN_UNUSED_VARIABLE = YES;
				IPHONEOS_DEPLOYMENT_TARGET = 17.0;
				LOCALIZATION_PREFERS_STRING_CATALOGS = YES;
				MTL_ENABLE_DEBUG_INFO = INCLUDE_SOURCE;
				MTL_FAST_MATH = YES;
				ONLY_ACTIVE_ARCH = YES;
				SDKROOT = iphoneos;
				SWIFT_ACTIVE_COMPILATION_CONDITIONS = "DEBUG $(inherited)";
				SWIFT_OPTIMIZATION_LEVEL = "-Onone";
			};
			name = Debug;
		};
		0411E5E02AD91AB700506AF4 /* Release */ = {
			isa = XCBuildConfiguration;
			buildSettings = {
				ALWAYS_SEARCH_USER_PATHS = NO;
				ASSETCATALOG_COMPILER_GENERATE_SWIFT_ASSET_SYMBOL_EXTENSIONS = YES;
				CLANG_ANALYZER_NONNULL = YES;
				CLANG_ANALYZER_NUMBER_OBJECT_CONVERSION = YES_AGGRESSIVE;
				CLANG_CXX_LANGUAGE_STANDARD = "gnu++20";
				CLANG_ENABLE_MODULES = YES;
				CLANG_ENABLE_OBJC_ARC = YES;
				CLANG_ENABLE_OBJC_WEAK = YES;
				CLANG_WARN_BLOCK_CAPTURE_AUTORELEASING = YES;
				CLANG_WARN_BOOL_CONVERSION = YES;
				CLANG_WARN_COMMA = YES;
				CLANG_WARN_CONSTANT_CONVERSION = YES;
				CLANG_WARN_DEPRECATED_OBJC_IMPLEMENTATIONS = YES;
				CLANG_WARN_DIRECT_OBJC_ISA_USAGE = YES_ERROR;
				CLANG_WARN_DOCUMENTATION_COMMENTS = YES;
				CLANG_WARN_EMPTY_BODY = YES;
				CLANG_WARN_ENUM_CONVERSION = YES;
				CLANG_WARN_INFINITE_RECURSION = YES;
				CLANG_WARN_INT_CONVERSION = YES;
				CLANG_WARN_NON_LITERAL_NULL_CONVERSION = YES;
				CLANG_WARN_OBJC_IMPLICIT_RETAIN_SELF = YES;
				CLANG_WARN_OBJC_LITERAL_CONVERSION = YES;
				CLANG_WARN_OBJC_ROOT_CLASS = YES_ERROR;
				CLANG_WARN_QUOTED_INCLUDE_IN_FRAMEWORK_HEADER = YES;
				CLANG_WARN_RANGE_LOOP_ANALYSIS = YES;
				CLANG_WARN_STRICT_PROTOTYPES = YES;
				CLANG_WARN_SUSPICIOUS_MOVE = YES;
				CLANG_WARN_UNGUARDED_AVAILABILITY = YES_AGGRESSIVE;
				CLANG_WARN_UNREACHABLE_CODE = YES;
				CLANG_WARN__DUPLICATE_METHOD_MATCH = YES;
				COPY_PHASE_STRIP = NO;
				DEBUG_INFORMATION_FORMAT = "dwarf-with-dsym";
				ENABLE_NS_ASSERTIONS = NO;
				ENABLE_STRICT_OBJC_MSGSEND = YES;
				ENABLE_USER_SCRIPT_SANDBOXING = YES;
				GCC_C_LANGUAGE_STANDARD = gnu17;
				GCC_NO_COMMON_BLOCKS = YES;
				GCC_WARN_64_TO_32_BIT_CONVERSION = YES;
				GCC_WARN_ABOUT_RETURN_TYPE = YES_ERROR;
				GCC_WARN_UNDECLARED_SELECTOR = YES;
				GCC_WARN_UNINITIALIZED_AUTOS = YES_AGGRESSIVE;
				GCC_WARN_UNUSED_FUNCTION = YES;
				GCC_WARN_UNUSED_VARIABLE = YES;
				IPHONEOS_DEPLOYMENT_TARGET = 17.0;
				LOCALIZATION_PREFERS_STRING_CATALOGS = YES;
				MTL_ENABLE_DEBUG_INFO = NO;
				MTL_FAST_MATH = YES;
				SDKROOT = iphoneos;
				SWIFT_COMPILATION_MODE = wholemodule;
				VALIDATE_PRODUCT = YES;
			};
			name = Release;
		};
		0411E5E22AD91AB700506AF4 /* Debug */ = {
			isa = XCBuildConfiguration;
			buildSettings = {
				ASSETCATALOG_COMPILER_APPICON_NAME = AppIcon;
				ASSETCATALOG_COMPILER_GLOBAL_ACCENT_COLOR_NAME = AccentColor;
				CODE_SIGN_STYLE = Automatic;
				CURRENT_PROJECT_VERSION = 1;
				GENERATE_INFOPLIST_FILE = YES;
				INFOPLIST_FILE = login/Info.plist;
				INFOPLIST_KEY_UIApplicationSupportsIndirectInputEvents = YES;
				INFOPLIST_KEY_UILaunchStoryboardName = LaunchScreen;
				INFOPLIST_KEY_UIMainStoryboardFile = Main;
				INFOPLIST_KEY_UISupportedInterfaceOrientations_iPad = "UIInterfaceOrientationPortrait UIInterfaceOrientationPortraitUpsideDown UIInterfaceOrientationLandscapeLeft UIInterfaceOrientationLandscapeRight";
				INFOPLIST_KEY_UISupportedInterfaceOrientations_iPhone = "UIInterfaceOrientationPortrait UIInterfaceOrientationLandscapeLeft UIInterfaceOrientationLandscapeRight";
				LD_RUNPATH_SEARCH_PATHS = (
					"$(inherited)",
					"@executable_path/Frameworks",
				);
				MARKETING_VERSION = 1.0;
				PRODUCT_BUNDLE_IDENTIFIER = abj.login;
				PRODUCT_NAME = "$(TARGET_NAME)";
				SWIFT_EMIT_LOC_STRINGS = YES;
				SWIFT_VERSION = 5.0;
				TARGETED_DEVICE_FAMILY = "1,2";
			};
			name = Debug;
		};
		0411E5E32AD91AB700506AF4 /* Release */ = {
			isa = XCBuildConfiguration;
			buildSettings = {
				ASSETCATALOG_COMPILER_APPICON_NAME = AppIcon;
				ASSETCATALOG_COMPILER_GLOBAL_ACCENT_COLOR_NAME = AccentColor;
				CODE_SIGN_STYLE = Automatic;
				CURRENT_PROJECT_VERSION = 1;
				GENERATE_INFOPLIST_FILE = YES;
				INFOPLIST_FILE = login/Info.plist;
				INFOPLIST_KEY_UIApplicationSupportsIndirectInputEvents = YES;
				INFOPLIST_KEY_UILaunchStoryboardName = LaunchScreen;
				INFOPLIST_KEY_UIMainStoryboardFile = Main;
				INFOPLIST_KEY_UISupportedInterfaceOrientations_iPad = "UIInterfaceOrientationPortrait UIInterfaceOrientationPortraitUpsideDown UIInterfaceOrientationLandscapeLeft UIInterfaceOrientationLandscapeRight";
				INFOPLIST_KEY_UISupportedInterfaceOrientations_iPhone = "UIInterfaceOrientationPortrait UIInterfaceOrientationLandscapeLeft UIInterfaceOrientationLandscapeRight";
				LD_RUNPATH_SEARCH_PATHS = (
					"$(inherited)",
					"@executable_path/Frameworks",
				);
				MARKETING_VERSION = 1.0;
				PRODUCT_BUNDLE_IDENTIFIER = abj.login;
				PRODUCT_NAME = "$(TARGET_NAME)";
				SWIFT_EMIT_LOC_STRINGS = YES;
				SWIFT_VERSION = 5.0;
				TARGETED_DEVICE_FAMILY = "1,2";
			};
			name = Release;
		};
		04B60E642AE130FB00AD007F /* Debug */ = {
			isa = XCBuildConfiguration;
			buildSettings = {
				BUNDLE_LOADER = "$(TEST_HOST)";
				CODE_SIGN_STYLE = Automatic;
				CURRENT_PROJECT_VERSION = 1;
				GENERATE_INFOPLIST_FILE = YES;
				MARKETING_VERSION = 1.0;
				PRODUCT_BUNDLE_IDENTIFIER = abj.loginTests;
				PRODUCT_NAME = "$(TARGET_NAME)";
				SWIFT_EMIT_LOC_STRINGS = NO;
				SWIFT_VERSION = 5.0;
				TARGETED_DEVICE_FAMILY = "1,2";
				TEST_HOST = "$(BUILT_PRODUCTS_DIR)/login.app/$(BUNDLE_EXECUTABLE_FOLDER_PATH)/login";
			};
			name = Debug;
		};
		04B60E652AE130FB00AD007F /* Release */ = {
			isa = XCBuildConfiguration;
			buildSettings = {
				BUNDLE_LOADER = "$(TEST_HOST)";
				CODE_SIGN_STYLE = Automatic;
				CURRENT_PROJECT_VERSION = 1;
				GENERATE_INFOPLIST_FILE = YES;
				MARKETING_VERSION = 1.0;
				PRODUCT_BUNDLE_IDENTIFIER = abj.loginTests;
				PRODUCT_NAME = "$(TARGET_NAME)";
				SWIFT_EMIT_LOC_STRINGS = NO;
				SWIFT_VERSION = 5.0;
				TARGETED_DEVICE_FAMILY = "1,2";
				TEST_HOST = "$(BUILT_PRODUCTS_DIR)/login.app/$(BUNDLE_EXECUTABLE_FOLDER_PATH)/login";
			};
			name = Release;
		};
/* End XCBuildConfiguration section */

/* Begin XCConfigurationList section */
		0411E5C52AD91AB500506AF4 /* Build configuration list for PBXProject "login" */ = {
			isa = XCConfigurationList;
			buildConfigurations = (
				0411E5DF2AD91AB700506AF4 /* Debug */,
				0411E5E02AD91AB700506AF4 /* Release */,
			);
			defaultConfigurationIsVisible = 0;
			defaultConfigurationName = Release;
		};
		0411E5E12AD91AB700506AF4 /* Build configuration list for PBXNativeTarget "login" */ = {
			isa = XCConfigurationList;
			buildConfigurations = (
				0411E5E22AD91AB700506AF4 /* Debug */,
				0411E5E32AD91AB700506AF4 /* Release */,
			);
			defaultConfigurationIsVisible = 0;
			defaultConfigurationName = Release;
		};
		04B60E662AE130FB00AD007F /* Build configuration list for PBXNativeTarget "loginTests" */ = {
			isa = XCConfigurationList;
			buildConfigurations = (
				04B60E642AE130FB00AD007F /* Debug */,
				04B60E652AE130FB00AD007F /* Release */,
			);
			defaultConfigurationIsVisible = 0;
			defaultConfigurationName = Release;
		};
/* End XCConfigurationList section */

/* Begin XCRemoteSwiftPackageReference section */
		0488452A2ADE82A70067B780 /* XCRemoteSwiftPackageReference "firebase-ios-sdk" */ = {
			isa = XCRemoteSwiftPackageReference;
			repositoryURL = "https://github.com/firebase/firebase-ios-sdk.git";
			requirement = {
				kind = upToNextMajorVersion;
				minimumVersion = 10.16.0;
			};
		};
/* End XCRemoteSwiftPackageReference section */

/* Begin XCSwiftPackageProductDependency section */
		0488452B2ADE82A70067B780 /* FirebaseAnalytics */ = {
			isa = XCSwiftPackageProductDependency;
			package = 0488452A2ADE82A70067B780 /* XCRemoteSwiftPackageReference "firebase-ios-sdk" */;
			productName = FirebaseAnalytics;
		};
		0488452D2ADE82A70067B780 /* FirebaseAnalyticsOnDeviceConversion */ = {
			isa = XCSwiftPackageProductDependency;
			package = 0488452A2ADE82A70067B780 /* XCRemoteSwiftPackageReference "firebase-ios-sdk" */;
			productName = FirebaseAnalyticsOnDeviceConversion;
		};
		0488452F2ADE82A70067B780 /* FirebaseAnalyticsSwift */ = {
			isa = XCSwiftPackageProductDependency;
			package = 0488452A2ADE82A70067B780 /* XCRemoteSwiftPackageReference "firebase-ios-sdk" */;
			productName = FirebaseAnalyticsSwift;
		};
		048845312ADE82A70067B780 /* FirebaseAnalyticsWithoutAdIdSupport */ = {
			isa = XCSwiftPackageProductDependency;
			package = 0488452A2ADE82A70067B780 /* XCRemoteSwiftPackageReference "firebase-ios-sdk" */;
			productName = FirebaseAnalyticsWithoutAdIdSupport;
		};
		048845332ADE82A70067B780 /* FirebaseAppCheck */ = {
			isa = XCSwiftPackageProductDependency;
			package = 0488452A2ADE82A70067B780 /* XCRemoteSwiftPackageReference "firebase-ios-sdk" */;
			productName = FirebaseAppCheck;
		};
		048845352ADE82A70067B780 /* FirebaseAppDistribution-Beta */ = {
			isa = XCSwiftPackageProductDependency;
			package = 0488452A2ADE82A70067B780 /* XCRemoteSwiftPackageReference "firebase-ios-sdk" */;
			productName = "FirebaseAppDistribution-Beta";
		};
		048845372ADE82A70067B780 /* FirebaseAuth */ = {
			isa = XCSwiftPackageProductDependency;
			package = 0488452A2ADE82A70067B780 /* XCRemoteSwiftPackageReference "firebase-ios-sdk" */;
			productName = FirebaseAuth;
		};
		048845392ADE82A70067B780 /* FirebaseAuthCombine-Community */ = {
			isa = XCSwiftPackageProductDependency;
			package = 0488452A2ADE82A70067B780 /* XCRemoteSwiftPackageReference "firebase-ios-sdk" */;
			productName = "FirebaseAuthCombine-Community";
		};
		0488453B2ADE82A70067B780 /* FirebaseCrashlytics */ = {
			isa = XCSwiftPackageProductDependency;
			package = 0488452A2ADE82A70067B780 /* XCRemoteSwiftPackageReference "firebase-ios-sdk" */;
			productName = FirebaseCrashlytics;
		};
		0488453D2ADE82A70067B780 /* FirebaseDatabase */ = {
			isa = XCSwiftPackageProductDependency;
			package = 0488452A2ADE82A70067B780 /* XCRemoteSwiftPackageReference "firebase-ios-sdk" */;
			productName = FirebaseDatabase;
		};
		0488453F2ADE82A70067B780 /* FirebaseDatabaseSwift */ = {
			isa = XCSwiftPackageProductDependency;
			package = 0488452A2ADE82A70067B780 /* XCRemoteSwiftPackageReference "firebase-ios-sdk" */;
			productName = FirebaseDatabaseSwift;
		};
		048845412ADE82A70067B780 /* FirebaseDynamicLinks */ = {
			isa = XCSwiftPackageProductDependency;
			package = 0488452A2ADE82A70067B780 /* XCRemoteSwiftPackageReference "firebase-ios-sdk" */;
			productName = FirebaseDynamicLinks;
		};
		048845432ADE82A70067B780 /* FirebaseFirestore */ = {
			isa = XCSwiftPackageProductDependency;
			package = 0488452A2ADE82A70067B780 /* XCRemoteSwiftPackageReference "firebase-ios-sdk" */;
			productName = FirebaseFirestore;
		};
		048845452ADE82A70067B780 /* FirebaseFirestoreCombine-Community */ = {
			isa = XCSwiftPackageProductDependency;
			package = 0488452A2ADE82A70067B780 /* XCRemoteSwiftPackageReference "firebase-ios-sdk" */;
			productName = "FirebaseFirestoreCombine-Community";
		};
		048845472ADE82A70067B780 /* FirebaseFirestoreSwift */ = {
			isa = XCSwiftPackageProductDependency;
			package = 0488452A2ADE82A70067B780 /* XCRemoteSwiftPackageReference "firebase-ios-sdk" */;
			productName = FirebaseFirestoreSwift;
		};
		048845492ADE82A70067B780 /* FirebaseFunctions */ = {
			isa = XCSwiftPackageProductDependency;
			package = 0488452A2ADE82A70067B780 /* XCRemoteSwiftPackageReference "firebase-ios-sdk" */;
			productName = FirebaseFunctions;
		};
		0488454B2ADE82A70067B780 /* FirebaseFunctionsCombine-Community */ = {
			isa = XCSwiftPackageProductDependency;
			package = 0488452A2ADE82A70067B780 /* XCRemoteSwiftPackageReference "firebase-ios-sdk" */;
			productName = "FirebaseFunctionsCombine-Community";
		};
		0488454D2ADE82A70067B780 /* FirebaseInAppMessaging-Beta */ = {
			isa = XCSwiftPackageProductDependency;
			package = 0488452A2ADE82A70067B780 /* XCRemoteSwiftPackageReference "firebase-ios-sdk" */;
			productName = "FirebaseInAppMessaging-Beta";
		};
		0488454F2ADE82A70067B780 /* FirebaseInAppMessagingSwift-Beta */ = {
			isa = XCSwiftPackageProductDependency;
			package = 0488452A2ADE82A70067B780 /* XCRemoteSwiftPackageReference "firebase-ios-sdk" */;
			productName = "FirebaseInAppMessagingSwift-Beta";
		};
		048845512ADE82A70067B780 /* FirebaseInstallations */ = {
			isa = XCSwiftPackageProductDependency;
			package = 0488452A2ADE82A70067B780 /* XCRemoteSwiftPackageReference "firebase-ios-sdk" */;
			productName = FirebaseInstallations;
		};
		048845532ADE82A70067B780 /* FirebaseMLModelDownloader */ = {
			isa = XCSwiftPackageProductDependency;
			package = 0488452A2ADE82A70067B780 /* XCRemoteSwiftPackageReference "firebase-ios-sdk" */;
			productName = FirebaseMLModelDownloader;
		};
		048845552ADE82A70067B780 /* FirebaseMessaging */ = {
			isa = XCSwiftPackageProductDependency;
			package = 0488452A2ADE82A70067B780 /* XCRemoteSwiftPackageReference "firebase-ios-sdk" */;
			productName = FirebaseMessaging;
		};
		048845572ADE82A70067B780 /* FirebasePerformance */ = {
			isa = XCSwiftPackageProductDependency;
			package = 0488452A2ADE82A70067B780 /* XCRemoteSwiftPackageReference "firebase-ios-sdk" */;
			productName = FirebasePerformance;
		};
		048845592ADE82A70067B780 /* FirebaseRemoteConfig */ = {
			isa = XCSwiftPackageProductDependency;
			package = 0488452A2ADE82A70067B780 /* XCRemoteSwiftPackageReference "firebase-ios-sdk" */;
			productName = FirebaseRemoteConfig;
		};
		0488455B2ADE82A70067B780 /* FirebaseRemoteConfigSwift */ = {
			isa = XCSwiftPackageProductDependency;
			package = 0488452A2ADE82A70067B780 /* XCRemoteSwiftPackageReference "firebase-ios-sdk" */;
			productName = FirebaseRemoteConfigSwift;
		};
		0488455D2ADE82A70067B780 /* FirebaseStorage */ = {
			isa = XCSwiftPackageProductDependency;
			package = 0488452A2ADE82A70067B780 /* XCRemoteSwiftPackageReference "firebase-ios-sdk" */;
			productName = FirebaseStorage;
		};
		0488455F2ADE82A70067B780 /* FirebaseStorageCombine-Community */ = {
			isa = XCSwiftPackageProductDependency;
			package = 0488452A2ADE82A70067B780 /* XCRemoteSwiftPackageReference "firebase-ios-sdk" */;
			productName = "FirebaseStorageCombine-Community";
		};
/* End XCSwiftPackageProductDependency section */

/* Begin XCVersionGroup section */
		0411E5D62AD91AB500506AF4 /* login.xcdatamodeld */ = {
			isa = XCVersionGroup;
			children = (
				0411E5D72AD91AB500506AF4 /* login.xcdatamodel */,
			);
			currentVersion = 0411E5D72AD91AB500506AF4 /* login.xcdatamodel */;
			path = login.xcdatamodeld;
			sourceTree = "<group>";
			versionGroupType = wrapper.xcdatamodel;
		};
/* End XCVersionGroup section */
	};
	rootObject = 0411E5C22AD91AB500506AF4 /* Project object */;
}
