// !$*UTF8*$!
{
	archiveVersion = 1;
	classes = {
	};
	objectVersion = 56;
	objects = {

/* Begin PBXBuildFile section */
		042F723D2AEA36880016B259 /* ImageService.swift in Sources */ = {isa = PBXBuildFile; fileRef = 042F723C2AEA36880016B259 /* ImageService.swift */; };
		043FA5362AE2865700418758 /* DetailProductView.swift in Sources */ = {isa = PBXBuildFile; fileRef = 043FA5352AE2865700418758 /* DetailProductView.swift */; };
		044BE0D42ADFD91900A4DF81 /* AppDelegate.swift in Sources */ = {isa = PBXBuildFile; fileRef = 044BE0D32ADFD91900A4DF81 /* AppDelegate.swift */; };
		044BE0D62ADFD91900A4DF81 /* SceneDelegate.swift in Sources */ = {isa = PBXBuildFile; fileRef = 044BE0D52ADFD91900A4DF81 /* SceneDelegate.swift */; };
		044BE0D82ADFD91900A4DF81 /* HomePageVC.swift in Sources */ = {isa = PBXBuildFile; fileRef = 044BE0D72ADFD91900A4DF81 /* HomePageVC.swift */; };
		044BE0DB2ADFD91900A4DF81 /* Main.storyboard in Resources */ = {isa = PBXBuildFile; fileRef = 044BE0D92ADFD91900A4DF81 /* Main.storyboard */; };
		044BE0DE2ADFD91900A4DF81 /* makeUpProducts.xcdatamodeld in Sources */ = {isa = PBXBuildFile; fileRef = 044BE0DC2ADFD91900A4DF81 /* makeUpProducts.xcdatamodeld */; };
		044BE0E02ADFD91B00A4DF81 /* Assets.xcassets in Resources */ = {isa = PBXBuildFile; fileRef = 044BE0DF2ADFD91B00A4DF81 /* Assets.xcassets */; };
		044BE0E32ADFD91B00A4DF81 /* LaunchScreen.storyboard in Resources */ = {isa = PBXBuildFile; fileRef = 044BE0E12ADFD91B00A4DF81 /* LaunchScreen.storyboard */; };
		044BE0EC2ADFD9CF00A4DF81 /* ProductTableViewCell.swift in Sources */ = {isa = PBXBuildFile; fileRef = 044BE0EA2ADFD9CF00A4DF81 /* ProductTableViewCell.swift */; };
		044BE0ED2ADFD9CF00A4DF81 /* ProductTableViewCell.xib in Resources */ = {isa = PBXBuildFile; fileRef = 044BE0EB2ADFD9CF00A4DF81 /* ProductTableViewCell.xib */; };
		04B42CFD2AE64EB7001A64AC /* ProductCollectionViewCell.swift in Sources */ = {isa = PBXBuildFile; fileRef = 04B42CFB2AE64EB7001A64AC /* ProductCollectionViewCell.swift */; };
		04B42CFE2AE64EB7001A64AC /* ProductCollectionViewCell.xib in Resources */ = {isa = PBXBuildFile; fileRef = 04B42CFC2AE64EB7001A64AC /* ProductCollectionViewCell.xib */; };
		04B42D002AE65888001A64AC /* ColourViewLayout.swift in Sources */ = {isa = PBXBuildFile; fileRef = 04B42CFF2AE65888001A64AC /* ColourViewLayout.swift */; };
		04B42D022AE67DC1001A64AC /* ProductTableViewController.swift in Sources */ = {isa = PBXBuildFile; fileRef = 04B42D012AE67DC1001A64AC /* ProductTableViewController.swift */; };
		04B42D042AE67E59001A64AC /* SearchController.swift in Sources */ = {isa = PBXBuildFile; fileRef = 04B42D032AE67E59001A64AC /* SearchController.swift */; };
		04B42D062AE67F80001A64AC /* ProductCollectionView.swift in Sources */ = {isa = PBXBuildFile; fileRef = 04B42D052AE67F80001A64AC /* ProductCollectionView.swift */; };
		04B42D082AE680EE001A64AC /* LoadingView.swift in Sources */ = {isa = PBXBuildFile; fileRef = 04B42D072AE680EE001A64AC /* LoadingView.swift */; };
		04B60E562AE100D800AD007F /* ProductResponse.swift in Sources */ = {isa = PBXBuildFile; fileRef = 04B60E552AE100D800AD007F /* ProductResponse.swift */; };
		04B60E592AE1017C00AD007F /* ProductService.swift in Sources */ = {isa = PBXBuildFile; fileRef = 04B60E582AE1017C00AD007F /* ProductService.swift */; };
/* End PBXBuildFile section */

/* Begin PBXFileReference section */
		042F723C2AEA36880016B259 /* ImageService.swift */ = {isa = PBXFileReference; lastKnownFileType = sourcecode.swift; path = ImageService.swift; sourceTree = "<group>"; };
		043FA5352AE2865700418758 /* DetailProductView.swift */ = {isa = PBXFileReference; lastKnownFileType = sourcecode.swift; path = DetailProductView.swift; sourceTree = "<group>"; };
		044BE0D02ADFD91900A4DF81 /* makeUpProducts.app */ = {isa = PBXFileReference; explicitFileType = wrapper.application; includeInIndex = 0; path = makeUpProducts.app; sourceTree = BUILT_PRODUCTS_DIR; };
		044BE0D32ADFD91900A4DF81 /* AppDelegate.swift */ = {isa = PBXFileReference; lastKnownFileType = sourcecode.swift; path = AppDelegate.swift; sourceTree = "<group>"; };
		044BE0D52ADFD91900A4DF81 /* SceneDelegate.swift */ = {isa = PBXFileReference; lastKnownFileType = sourcecode.swift; path = SceneDelegate.swift; sourceTree = "<group>"; };
		044BE0D72ADFD91900A4DF81 /* HomePageVC.swift */ = {isa = PBXFileReference; lastKnownFileType = sourcecode.swift; path = HomePageVC.swift; sourceTree = "<group>"; };
		044BE0DA2ADFD91900A4DF81 /* Base */ = {isa = PBXFileReference; lastKnownFileType = file.storyboard; name = Base; path = Base.lproj/Main.storyboard; sourceTree = "<group>"; };
		044BE0DD2ADFD91900A4DF81 /* makeUpProducts.xcdatamodel */ = {isa = PBXFileReference; lastKnownFileType = wrapper.xcdatamodel; path = makeUpProducts.xcdatamodel; sourceTree = "<group>"; };
		044BE0DF2ADFD91B00A4DF81 /* Assets.xcassets */ = {isa = PBXFileReference; lastKnownFileType = folder.assetcatalog; path = Assets.xcassets; sourceTree = "<group>"; };
		044BE0E22ADFD91B00A4DF81 /* Base */ = {isa = PBXFileReference; lastKnownFileType = file.storyboard; name = Base; path = Base.lproj/LaunchScreen.storyboard; sourceTree = "<group>"; };
		044BE0E42ADFD91B00A4DF81 /* Info.plist */ = {isa = PBXFileReference; lastKnownFileType = text.plist.xml; path = Info.plist; sourceTree = "<group>"; };
		044BE0EA2ADFD9CF00A4DF81 /* ProductTableViewCell.swift */ = {isa = PBXFileReference; lastKnownFileType = sourcecode.swift; path = ProductTableViewCell.swift; sourceTree = "<group>"; };
		044BE0EB2ADFD9CF00A4DF81 /* ProductTableViewCell.xib */ = {isa = PBXFileReference; lastKnownFileType = file.xib; path = ProductTableViewCell.xib; sourceTree = "<group>"; };
		04B42CFB2AE64EB7001A64AC /* ProductCollectionViewCell.swift */ = {isa = PBXFileReference; lastKnownFileType = sourcecode.swift; path = ProductCollectionViewCell.swift; sourceTree = "<group>"; };
		04B42CFC2AE64EB7001A64AC /* ProductCollectionViewCell.xib */ = {isa = PBXFileReference; lastKnownFileType = file.xib; path = ProductCollectionViewCell.xib; sourceTree = "<group>"; };
		04B42CFF2AE65888001A64AC /* ColourViewLayout.swift */ = {isa = PBXFileReference; lastKnownFileType = sourcecode.swift; path = ColourViewLayout.swift; sourceTree = "<group>"; };
		04B42D012AE67DC1001A64AC /* ProductTableViewController.swift */ = {isa = PBXFileReference; lastKnownFileType = sourcecode.swift; path = ProductTableViewController.swift; sourceTree = "<group>"; };
		04B42D032AE67E59001A64AC /* SearchController.swift */ = {isa = PBXFileReference; lastKnownFileType = sourcecode.swift; path = SearchController.swift; sourceTree = "<group>"; };
		04B42D052AE67F80001A64AC /* ProductCollectionView.swift */ = {isa = PBXFileReference; lastKnownFileType = sourcecode.swift; path = ProductCollectionView.swift; sourceTree = "<group>"; };
		04B42D072AE680EE001A64AC /* LoadingView.swift */ = {isa = PBXFileReference; lastKnownFileType = sourcecode.swift; path = LoadingView.swift; sourceTree = "<group>"; };
		04B60E552AE100D800AD007F /* ProductResponse.swift */ = {isa = PBXFileReference; lastKnownFileType = sourcecode.swift; path = ProductResponse.swift; sourceTree = "<group>"; };
		04B60E582AE1017C00AD007F /* ProductService.swift */ = {isa = PBXFileReference; lastKnownFileType = sourcecode.swift; path = ProductService.swift; sourceTree = "<group>"; };
/* End PBXFileReference section */

/* Begin PBXFrameworksBuildPhase section */
		044BE0CD2ADFD91900A4DF81 /* Frameworks */ = {
			isa = PBXFrameworksBuildPhase;
			buildActionMask = 2147483647;
			files = (
			);
			runOnlyForDeploymentPostprocessing = 0;
		};
/* End PBXFrameworksBuildPhase section */

/* Begin PBXGroup section */
		043FA5342AE285F100418758 /* views */ = {
			isa = PBXGroup;
			children = (
				044BE0D72ADFD91900A4DF81 /* HomePageVC.swift */,
				044BE0EA2ADFD9CF00A4DF81 /* ProductTableViewCell.swift */,
				043FA5352AE2865700418758 /* DetailProductView.swift */,
				04B42D012AE67DC1001A64AC /* ProductTableViewController.swift */,
				04B42D032AE67E59001A64AC /* SearchController.swift */,
				04B42CFB2AE64EB7001A64AC /* ProductCollectionViewCell.swift */,
				04B42CFF2AE65888001A64AC /* ColourViewLayout.swift */,
				04B42D052AE67F80001A64AC /* ProductCollectionView.swift */,
				04B42D072AE680EE001A64AC /* LoadingView.swift */,
			);
			name = views;
			sourceTree = "<group>";
		};
		044BE0C72ADFD91900A4DF81 = {
			isa = PBXGroup;
			children = (
				044BE0D22ADFD91900A4DF81 /* makeUpProducts */,
				044BE0D12ADFD91900A4DF81 /* Products */,
			);
			sourceTree = "<group>";
		};
		044BE0D12ADFD91900A4DF81 /* Products */ = {
			isa = PBXGroup;
			children = (
				044BE0D02ADFD91900A4DF81 /* makeUpProducts.app */,
			);
			name = Products;
			sourceTree = "<group>";
		};
		044BE0D22ADFD91900A4DF81 /* makeUpProducts */ = {
			isa = PBXGroup;
			children = (
				043FA5342AE285F100418758 /* views */,
				04B60E572AE1015D00AD007F /* network */,
				04B60E542AE100B600AD007F /* models */,
				044BE0D32ADFD91900A4DF81 /* AppDelegate.swift */,
				044BE0D52ADFD91900A4DF81 /* SceneDelegate.swift */,
				044BE0D92ADFD91900A4DF81 /* Main.storyboard */,
				044BE0EB2ADFD9CF00A4DF81 /* ProductTableViewCell.xib */,
				044BE0DF2ADFD91B00A4DF81 /* Assets.xcassets */,
				044BE0E12ADFD91B00A4DF81 /* LaunchScreen.storyboard */,
				044BE0E42ADFD91B00A4DF81 /* Info.plist */,
				044BE0DC2ADFD91900A4DF81 /* makeUpProducts.xcdatamodeld */,
				04B42CFC2AE64EB7001A64AC /* ProductCollectionViewCell.xib */,
			);
			path = makeUpProducts;
			sourceTree = "<group>";
		};
		04B60E542AE100B600AD007F /* models */ = {
			isa = PBXGroup;
			children = (
				04B60E552AE100D800AD007F /* ProductResponse.swift */,
			);
			path = models;
			sourceTree = "<group>";
		};
		04B60E572AE1015D00AD007F /* network */ = {
			isa = PBXGroup;
			children = (
				04B60E582AE1017C00AD007F /* ProductService.swift */,
				042F723C2AEA36880016B259 /* ImageService.swift */,
			);
			path = network;
			sourceTree = "<group>";
		};
/* End PBXGroup section */

/* Begin PBXNativeTarget section */
		044BE0CF2ADFD91900A4DF81 /* makeUpProducts */ = {
			isa = PBXNativeTarget;
			buildConfigurationList = 044BE0E72ADFD91B00A4DF81 /* Build configuration list for PBXNativeTarget "makeUpProducts" */;
			buildPhases = (
				044BE0CC2ADFD91900A4DF81 /* Sources */,
				044BE0CD2ADFD91900A4DF81 /* Frameworks */,
				044BE0CE2ADFD91900A4DF81 /* Resources */,
			);
			buildRules = (
			);
			dependencies = (
			);
			name = makeUpProducts;
			productName = makeUpProducts;
			productReference = 044BE0D02ADFD91900A4DF81 /* makeUpProducts.app */;
			productType = "com.apple.product-type.application";
		};
/* End PBXNativeTarget section */

/* Begin PBXProject section */
		044BE0C82ADFD91900A4DF81 /* Project object */ = {
			isa = PBXProject;
			attributes = {
				BuildIndependentTargetsInParallel = 1;
				LastSwiftUpdateCheck = 1500;
				LastUpgradeCheck = 1500;
				TargetAttributes = {
					044BE0CF2ADFD91900A4DF81 = {
						CreatedOnToolsVersion = 15.0;
					};
				};
			};
			buildConfigurationList = 044BE0CB2ADFD91900A4DF81 /* Build configuration list for PBXProject "makeUpProducts" */;
			compatibilityVersion = "Xcode 14.0";
			developmentRegion = en;
			hasScannedForEncodings = 0;
			knownRegions = (
				en,
				Base,
			);
			mainGroup = 044BE0C72ADFD91900A4DF81;
			productRefGroup = 044BE0D12ADFD91900A4DF81 /* Products */;
			projectDirPath = "";
			projectRoot = "";
			targets = (
				044BE0CF2ADFD91900A4DF81 /* makeUpProducts */,
			);
		};
/* End PBXProject section */

/* Begin PBXResourcesBuildPhase section */
		044BE0CE2ADFD91900A4DF81 /* Resources */ = {
			isa = PBXResourcesBuildPhase;
			buildActionMask = 2147483647;
			files = (
				044BE0E32ADFD91B00A4DF81 /* LaunchScreen.storyboard in Resources */,
				044BE0ED2ADFD9CF00A4DF81 /* ProductTableViewCell.xib in Resources */,
				04B42CFE2AE64EB7001A64AC /* ProductCollectionViewCell.xib in Resources */,
				044BE0E02ADFD91B00A4DF81 /* Assets.xcassets in Resources */,
				044BE0DB2ADFD91900A4DF81 /* Main.storyboard in Resources */,
			);
			runOnlyForDeploymentPostprocessing = 0;
		};
/* End PBXResourcesBuildPhase section */

/* Begin PBXSourcesBuildPhase section */
		044BE0CC2ADFD91900A4DF81 /* Sources */ = {
			isa = PBXSourcesBuildPhase;
			buildActionMask = 2147483647;
			files = (
				04B60E562AE100D800AD007F /* ProductResponse.swift in Sources */,
				043FA5362AE2865700418758 /* DetailProductView.swift in Sources */,
				04B42D002AE65888001A64AC /* ColourViewLayout.swift in Sources */,
				044BE0D82ADFD91900A4DF81 /* HomePageVC.swift in Sources */,
				044BE0D42ADFD91900A4DF81 /* AppDelegate.swift in Sources */,
				04B42D082AE680EE001A64AC /* LoadingView.swift in Sources */,
				04B42D022AE67DC1001A64AC /* ProductTableViewController.swift in Sources */,
				044BE0EC2ADFD9CF00A4DF81 /* ProductTableViewCell.swift in Sources */,
				042F723D2AEA36880016B259 /* ImageService.swift in Sources */,
				04B42D042AE67E59001A64AC /* SearchController.swift in Sources */,
				044BE0DE2ADFD91900A4DF81 /* makeUpProducts.xcdatamodeld in Sources */,
				044BE0D62ADFD91900A4DF81 /* SceneDelegate.swift in Sources */,
				04B42CFD2AE64EB7001A64AC /* ProductCollectionViewCell.swift in Sources */,
				04B42D062AE67F80001A64AC /* ProductCollectionView.swift in Sources */,
				04B60E592AE1017C00AD007F /* ProductService.swift in Sources */,
			);
			runOnlyForDeploymentPostprocessing = 0;
		};
/* End PBXSourcesBuildPhase section */

/* Begin PBXVariantGroup section */
		044BE0D92ADFD91900A4DF81 /* Main.storyboard */ = {
			isa = PBXVariantGroup;
			children = (
				044BE0DA2ADFD91900A4DF81 /* Base */,
			);
			name = Main.storyboard;
			sourceTree = "<group>";
		};
		044BE0E12ADFD91B00A4DF81 /* LaunchScreen.storyboard */ = {
			isa = PBXVariantGroup;
			children = (
				044BE0E22ADFD91B00A4DF81 /* Base */,
			);
			name = LaunchScreen.storyboard;
			sourceTree = "<group>";
		};
/* End PBXVariantGroup section */

/* Begin XCBuildConfiguration section */
		044BE0E52ADFD91B00A4DF81 /* Debug */ = {
			isa = XCBuildConfiguration;
			buildSettings = {
				ALWAYS_SEARCH_USER_PATHS = NO;
				ASSETCATALOG_COMPILER_GENERATE_SWIFT_ASSET_SYMBOL_EXTENSIONS = YES;
				CLANG_ANALYZER_NONNULL = YES;
				CLANG_ANALYZER_NUMBER_OBJECT_CONVERSION = YES_AGGRESSIVE;
				CLANG_CXX_LANGUAGE_STANDARD = "gnu++20";
				CLANG_ENABLE_MODULES = YES;
				CLANG_ENABLE_OBJC_ARC = YES;
				CLANG_ENABLE_OBJC_WEAK = YES;
				CLANG_WARN_BLOCK_CAPTURE_AUTORELEASING = YES;
				CLANG_WARN_BOOL_CONVERSION = YES;
				CLANG_WARN_COMMA = YES;
				CLANG_WARN_CONSTANT_CONVERSION = YES;
				CLANG_WARN_DEPRECATED_OBJC_IMPLEMENTATIONS = YES;
				CLANG_WARN_DIRECT_OBJC_ISA_USAGE = YES_ERROR;
				CLANG_WARN_DOCUMENTATION_COMMENTS = YES;
				CLANG_WARN_EMPTY_BODY = YES;
				CLANG_WARN_ENUM_CONVERSION = YES;
				CLANG_WARN_INFINITE_RECURSION = YES;
				CLANG_WARN_INT_CONVERSION = YES;
				CLANG_WARN_NON_LITERAL_NULL_CONVERSION = YES;
				CLANG_WARN_OBJC_IMPLICIT_RETAIN_SELF = YES;
				CLANG_WARN_OBJC_LITERAL_CONVERSION = YES;
				CLANG_WARN_OBJC_ROOT_CLASS = YES_ERROR;
				CLANG_WARN_QUOTED_INCLUDE_IN_FRAMEWORK_HEADER = YES;
				CLANG_WARN_RANGE_LOOP_ANALYSIS = YES;
				CLANG_WARN_STRICT_PROTOTYPES = YES;
				CLANG_WARN_SUSPICIOUS_MOVE = YES;
				CLANG_WARN_UNGUARDED_AVAILABILITY = YES_AGGRESSIVE;
				CLANG_WARN_UNREACHABLE_CODE = YES;
				CLANG_WARN__DUPLICATE_METHOD_MATCH = YES;
				COPY_PHASE_STRIP = NO;
				DEBUG_INFORMATION_FORMAT = dwarf;
				ENABLE_STRICT_OBJC_MSGSEND = YES;
				ENABLE_TESTABILITY = YES;
				ENABLE_USER_SCRIPT_SANDBOXING = YES;
				GCC_C_LANGUAGE_STANDARD = gnu17;
				GCC_DYNAMIC_NO_PIC = NO;
				GCC_NO_COMMON_BLOCKS = YES;
				GCC_OPTIMIZATION_LEVEL = 0;
				GCC_PREPROCESSOR_DEFINITIONS = (
					"DEBUG=1",
					"$(inherited)",
				);
				GCC_WARN_64_TO_32_BIT_CONVERSION = YES;
				GCC_WARN_ABOUT_RETURN_TYPE = YES_ERROR;
				GCC_WARN_UNDECLARED_SELECTOR = YES;
				GCC_WARN_UNINITIALIZED_AUTOS = YES_AGGRESSIVE;
				GCC_WARN_UNUSED_FUNCTION = YES;
				GCC_WARN_UNUSED_VARIABLE = YES;
				IPHONEOS_DEPLOYMENT_TARGET = 17.0;
				LOCALIZATION_PREFERS_STRING_CATALOGS = YES;
				MTL_ENABLE_DEBUG_INFO = INCLUDE_SOURCE;
				MTL_FAST_MATH = YES;
				ONLY_ACTIVE_ARCH = YES;
				SDKROOT = iphoneos;
				SWIFT_ACTIVE_COMPILATION_CONDITIONS = "DEBUG $(inherited)";
				SWIFT_OPTIMIZATION_LEVEL = "-Onone";
			};
			name = Debug;
		};
		044BE0E62ADFD91B00A4DF81 /* Release */ = {
			isa = XCBuildConfiguration;
			buildSettings = {
				ALWAYS_SEARCH_USER_PATHS = NO;
				ASSETCATALOG_COMPILER_GENERATE_SWIFT_ASSET_SYMBOL_EXTENSIONS = YES;
				CLANG_ANALYZER_NONNULL = YES;
				CLANG_ANALYZER_NUMBER_OBJECT_CONVERSION = YES_AGGRESSIVE;
				CLANG_CXX_LANGUAGE_STANDARD = "gnu++20";
				CLANG_ENABLE_MODULES = YES;
				CLANG_ENABLE_OBJC_ARC = YES;
				CLANG_ENABLE_OBJC_WEAK = YES;
				CLANG_WARN_BLOCK_CAPTURE_AUTORELEASING = YES;
				CLANG_WARN_BOOL_CONVERSION = YES;
				CLANG_WARN_COMMA = YES;
				CLANG_WARN_CONSTANT_CONVERSION = YES;
				CLANG_WARN_DEPRECATED_OBJC_IMPLEMENTATIONS = YES;
				CLANG_WARN_DIRECT_OBJC_ISA_USAGE = YES_ERROR;
				CLANG_WARN_DOCUMENTATION_COMMENTS = YES;
				CLANG_WARN_EMPTY_BODY = YES;
				CLANG_WARN_ENUM_CONVERSION = YES;
				CLANG_WARN_INFINITE_RECURSION = YES;
				CLANG_WARN_INT_CONVERSION = YES;
				CLANG_WARN_NON_LITERAL_NULL_CONVERSION = YES;
				CLANG_WARN_OBJC_IMPLICIT_RETAIN_SELF = YES;
				CLANG_WARN_OBJC_LITERAL_CONVERSION = YES;
				CLANG_WARN_OBJC_ROOT_CLASS = YES_ERROR;
				CLANG_WARN_QUOTED_INCLUDE_IN_FRAMEWORK_HEADER = YES;
				CLANG_WARN_RANGE_LOOP_ANALYSIS = YES;
				CLANG_WARN_STRICT_PROTOTYPES = YES;
				CLANG_WARN_SUSPICIOUS_MOVE = YES;
				CLANG_WARN_UNGUARDED_AVAILABILITY = YES_AGGRESSIVE;
				CLANG_WARN_UNREACHABLE_CODE = YES;
				CLANG_WARN__DUPLICATE_METHOD_MATCH = YES;
				COPY_PHASE_STRIP = NO;
				DEBUG_INFORMATION_FORMAT = "dwarf-with-dsym";
				ENABLE_NS_ASSERTIONS = NO;
				ENABLE_STRICT_OBJC_MSGSEND = YES;
				ENABLE_USER_SCRIPT_SANDBOXING = YES;
				GCC_C_LANGUAGE_STANDARD = gnu17;
				GCC_NO_COMMON_BLOCKS = YES;
				GCC_WARN_64_TO_32_BIT_CONVERSION = YES;
				GCC_WARN_ABOUT_RETURN_TYPE = YES_ERROR;
				GCC_WARN_UNDECLARED_SELECTOR = YES;
				GCC_WARN_UNINITIALIZED_AUTOS = YES_AGGRESSIVE;
				GCC_WARN_UNUSED_FUNCTION = YES;
				GCC_WARN_UNUSED_VARIABLE = YES;
				IPHONEOS_DEPLOYMENT_TARGET = 17.0;
				LOCALIZATION_PREFERS_STRING_CATALOGS = YES;
				MTL_ENABLE_DEBUG_INFO = NO;
				MTL_FAST_MATH = YES;
				SDKROOT = iphoneos;
				SWIFT_COMPILATION_MODE = wholemodule;
				VALIDATE_PRODUCT = YES;
			};
			name = Release;
		};
		044BE0E82ADFD91B00A4DF81 /* Debug */ = {
			isa = XCBuildConfiguration;
			buildSettings = {
				ASSETCATALOG_COMPILER_APPICON_NAME = AppIcon;
				ASSETCATALOG_COMPILER_GLOBAL_ACCENT_COLOR_NAME = AccentColor;
				CODE_SIGN_STYLE = Automatic;
				CURRENT_PROJECT_VERSION = 1;
				GENERATE_INFOPLIST_FILE = YES;
				INFOPLIST_FILE = makeUpProducts/Info.plist;
				INFOPLIST_KEY_UIApplicationSupportsIndirectInputEvents = YES;
				INFOPLIST_KEY_UILaunchStoryboardName = LaunchScreen;
				INFOPLIST_KEY_UIMainStoryboardFile = Main;
				INFOPLIST_KEY_UISupportedInterfaceOrientations_iPad = "UIInterfaceOrientationPortrait UIInterfaceOrientationPortraitUpsideDown UIInterfaceOrientationLandscapeLeft UIInterfaceOrientationLandscapeRight";
				INFOPLIST_KEY_UISupportedInterfaceOrientations_iPhone = "UIInterfaceOrientationPortrait UIInterfaceOrientationLandscapeLeft UIInterfaceOrientationLandscapeRight";
				LD_RUNPATH_SEARCH_PATHS = (
					"$(inherited)",
					"@executable_path/Frameworks",
				);
				MARKETING_VERSION = 1.0;
				PRODUCT_BUNDLE_IDENTIFIER = abj.makeUpProducts;
				PRODUCT_NAME = "$(TARGET_NAME)";
				SWIFT_EMIT_LOC_STRINGS = YES;
				SWIFT_VERSION = 5.0;
				TARGETED_DEVICE_FAMILY = "1,2";
			};
			name = Debug;
		};
		044BE0E92ADFD91B00A4DF81 /* Release */ = {
			isa = XCBuildConfiguration;
			buildSettings = {
				ASSETCATALOG_COMPILER_APPICON_NAME = AppIcon;
				ASSETCATALOG_COMPILER_GLOBAL_ACCENT_COLOR_NAME = AccentColor;
				CODE_SIGN_STYLE = Automatic;
				CURRENT_PROJECT_VERSION = 1;
				GENERATE_INFOPLIST_FILE = YES;
				INFOPLIST_FILE = makeUpProducts/Info.plist;
				INFOPLIST_KEY_UIApplicationSupportsIndirectInputEvents = YES;
				INFOPLIST_KEY_UILaunchStoryboardName = LaunchScreen;
				INFOPLIST_KEY_UIMainStoryboardFile = Main;
				INFOPLIST_KEY_UISupportedInterfaceOrientations_iPad = "UIInterfaceOrientationPortrait UIInterfaceOrientationPortraitUpsideDown UIInterfaceOrientationLandscapeLeft UIInterfaceOrientationLandscapeRight";
				INFOPLIST_KEY_UISupportedInterfaceOrientations_iPhone = "UIInterfaceOrientationPortrait UIInterfaceOrientationLandscapeLeft UIInterfaceOrientationLandscapeRight";
				LD_RUNPATH_SEARCH_PATHS = (
					"$(inherited)",
					"@executable_path/Frameworks",
				);
				MARKETING_VERSION = 1.0;
				PRODUCT_BUNDLE_IDENTIFIER = abj.makeUpProducts;
				PRODUCT_NAME = "$(TARGET_NAME)";
				SWIFT_EMIT_LOC_STRINGS = YES;
				SWIFT_VERSION = 5.0;
				TARGETED_DEVICE_FAMILY = "1,2";
			};
			name = Release;
		};
/* End XCBuildConfiguration section */

/* Begin XCConfigurationList section */
		044BE0CB2ADFD91900A4DF81 /* Build configuration list for PBXProject "makeUpProducts" */ = {
			isa = XCConfigurationList;
			buildConfigurations = (
				044BE0E52ADFD91B00A4DF81 /* Debug */,
				044BE0E62ADFD91B00A4DF81 /* Release */,
			);
			defaultConfigurationIsVisible = 0;
			defaultConfigurationName = Release;
		};
		044BE0E72ADFD91B00A4DF81 /* Build configuration list for PBXNativeTarget "makeUpProducts" */ = {
			isa = XCConfigurationList;
			buildConfigurations = (
				044BE0E82ADFD91B00A4DF81 /* Debug */,
				044BE0E92ADFD91B00A4DF81 /* Release */,
			);
			defaultConfigurationIsVisible = 0;
			defaultConfigurationName = Release;
		};
/* End XCConfigurationList section */

/* Begin XCVersionGroup section */
		044BE0DC2ADFD91900A4DF81 /* makeUpProducts.xcdatamodeld */ = {
			isa = XCVersionGroup;
			children = (
				044BE0DD2ADFD91900A4DF81 /* makeUpProducts.xcdatamodel */,
			);
			currentVersion = 044BE0DD2ADFD91900A4DF81 /* makeUpProducts.xcdatamodel */;
			path = makeUpProducts.xcdatamodeld;
			sourceTree = "<group>";
			versionGroupType = wrapper.xcdatamodel;
		};
/* End XCVersionGroup section */
	};
	rootObject = 044BE0C82ADFD91900A4DF81 /* Project object */;
}
